
Microsoft Visual Studio Solution File, Format Version 12.00
Project("{FAE04EC0-301F-11D3-BF4B-00C04F79EFBC}") = "SonarSweep", "SonarSweep\SonarSweep.csproj", "{0296F265-093D-4107-8E59-171C64EE7F4A}"
EndProject
Project("{FAE04EC0-301F-11D3-BF4B-00C04F79EFBC}") = "AdventOfCode", "AdventOfCode\AdventOfCode.csproj", "{F4F4FAEC-7030-40B6-BA88-8E5759822918}"
EndProject
Project("{FAE04EC0-301F-11D3-BF4B-00C04F79EFBC}") = "SonarSweepTests", "SonarSweepTests\SonarSweepTests.csproj", "{0665898A-1529-4102-9ECA-54C1393599D3}"
EndProject
Global
	GlobalSection(SolutionConfigurationPlatforms) = preSolution
		Debug|Any CPU = Debug|Any CPU
		Release|Any CPU = Release|Any CPU
	EndGlobalSection
	GlobalSection(ProjectConfigurationPlatforms) = postSolution
		{0296F265-093D-4107-8E59-171C64EE7F4A}.Debug|Any CPU.ActiveCfg = Debug|Any CPU
		{0296F265-093D-4107-8E59-171C64EE7F4A}.Debug|Any CPU.Build.0 = Debug|Any CPU
		{0296F265-093D-4107-8E59-171C64EE7F4A}.Release|Any CPU.ActiveCfg = Release|Any CPU
		{0296F265-093D-4107-8E59-171C64EE7F4A}.Release|Any CPU.Build.0 = Release|Any CPU
		{F4F4FAEC-7030-40B6-BA88-8E5759822918}.Debug|Any CPU.ActiveCfg = Debug|Any CPU
		{F4F4FAEC-7030-40B6-BA88-8E5759822918}.Debug|Any CPU.Build.0 = Debug|Any CPU
		{F4F4FAEC-7030-40B6-BA88-8E5759822918}.Release|Any CPU.ActiveCfg = Release|Any CPU
		{F4F4FAEC-7030-40B6-BA88-8E5759822918}.Release|Any CPU.Build.0 = Release|Any CPU
		{0665898A-1529-4102-9ECA-54C1393599D3}.Debug|Any CPU.ActiveCfg = Debug|Any CPU
		{0665898A-1529-4102-9ECA-54C1393599D3}.Debug|Any CPU.Build.0 = Debug|Any CPU
		{0665898A-1529-4102-9ECA-54C1393599D3}.Release|Any CPU.ActiveCfg = Release|Any CPU
		{0665898A-1529-4102-9ECA-54C1393599D3}.Release|Any CPU.Build.0 = Release|Any CPU
	EndGlobalSection
EndGlobal
